
Microsoft Visual Studio Solution File, Format Version 12.00
Project("{FAE04EC0-301F-11D3-BF4B-00C04F79EFBC}") = "URLShortender.Api", "URLShortender.Api\URLShortender.Api.csproj", "{EEF49582-41AA-46B1-9021-0E2D5F48BB3F}"
EndProject
Global
	GlobalSection(SolutionConfigurationPlatforms) = preSolution
		Debug|Any CPU = Debug|Any CPU
		Release|Any CPU = Release|Any CPU
	EndGlobalSection
	GlobalSection(ProjectConfigurationPlatforms) = postSolution
		{EEF49582-41AA-46B1-9021-0E2D5F48BB3F}.Debug|Any CPU.ActiveCfg = Debug|Any CPU
		{EEF49582-41AA-46B1-9021-0E2D5F48BB3F}.Debug|Any CPU.Build.0 = Debug|Any CPU
		{EEF49582-41AA-46B1-9021-0E2D5F48BB3F}.Release|Any CPU.ActiveCfg = Release|Any CPU
		{EEF49582-41AA-46B1-9021-0E2D5F48BB3F}.Release|Any CPU.Build.0 = Release|Any CPU
	EndGlobalSection
EndGlobal
